
Microsoft Visual Studio Solution File, Format Version 12.00
# Visual Studio Version 16
VisualStudioVersion = 16.0.31129.286
MinimumVisualStudioVersion = 10.0.40219.1
Project("{FAE04EC0-301F-11D3-BF4B-00C04F79EFBC}") = "NLuaTom", "NLuaTom\NLuaTom.csproj", "{6AC3EF4C-1855-4EEF-B09F-B3D17F016C3B}"
EndProject
Global
	GlobalSection(SolutionConfigurationPlatforms) = preSolution
		Debug|Any CPU = Debug|Any CPU
		Release|Any CPU = Release|Any CPU
	EndGlobalSection
	GlobalSection(ProjectConfigurationPlatforms) = postSolution
		{6AC3EF4C-1855-4EEF-B09F-B3D17F016C3B}.Debug|Any CPU.ActiveCfg = Debug|Any CPU
		{6AC3EF4C-1855-4EEF-B09F-B3D17F016C3B}.Debug|Any CPU.Build.0 = Debug|Any CPU
		{6AC3EF4C-1855-4EEF-B09F-B3D17F016C3B}.Release|Any CPU.ActiveCfg = Release|Any CPU
		{6AC3EF4C-1855-4EEF-B09F-B3D17F016C3B}.Release|Any CPU.Build.0 = Release|Any CPU
	EndGlobalSection
	GlobalSection(SolutionProperties) = preSolution
		HideSolutionNode = FALSE
	EndGlobalSection
	GlobalSection(ExtensibilityGlobals) = postSolution
		SolutionGuid = {F4DD5C22-804D-4841-A51E-8525620371EA}
	EndGlobalSection
EndGlobal
