
Microsoft Visual Studio Solution File, Format Version 12.00
# Visual Studio Version 16
VisualStudioVersion = 16.0.31205.134
MinimumVisualStudioVersion = 10.0.40219.1
Project("{9A19103F-16F7-4668-BE54-9A1E7A4F7556}") = "LogView", "LogView\LogView.csproj", "{ABC24744-1770-48F9-BB18-E1D2C41C7D69}"
EndProject
Global
	GlobalSection(SolutionConfigurationPlatforms) = preSolution
		Debug|Any CPU = Debug|Any CPU
		Release|Any CPU = Release|Any CPU
	EndGlobalSection
	GlobalSection(ProjectConfigurationPlatforms) = postSolution
		{ABC24744-1770-48F9-BB18-E1D2C41C7D69}.Debug|Any CPU.ActiveCfg = Release|Any CPU
		{ABC24744-1770-48F9-BB18-E1D2C41C7D69}.Debug|Any CPU.Build.0 = Release|Any CPU
		{ABC24744-1770-48F9-BB18-E1D2C41C7D69}.Release|Any CPU.ActiveCfg = Release|Any CPU
		{ABC24744-1770-48F9-BB18-E1D2C41C7D69}.Release|Any CPU.Build.0 = Release|Any CPU
	EndGlobalSection
	GlobalSection(SolutionProperties) = preSolution
		HideSolutionNode = FALSE
	EndGlobalSection
	GlobalSection(ExtensibilityGlobals) = postSolution
		SolutionGuid = {79F79878-902D-4312-9021-A6B56D37D287}
	EndGlobalSection
EndGlobal
