
Microsoft Visual Studio Solution File, Format Version 12.00
# Visual Studio Version 16
VisualStudioVersion = 16.0.31205.134
MinimumVisualStudioVersion = 10.0.40219.1
Project("{FAE04EC0-301F-11D3-BF4B-00C04F79EFBC}") = "LogViewer", "LogViewer\LogViewer.csproj", "{B25E4417-4730-4307-8D32-E2FB5560F180}"
EndProject
Global
	GlobalSection(SolutionConfigurationPlatforms) = preSolution
		Debug|Any CPU = Debug|Any CPU
		Release|Any CPU = Release|Any CPU
	EndGlobalSection
	GlobalSection(ProjectConfigurationPlatforms) = postSolution
		{B25E4417-4730-4307-8D32-E2FB5560F180}.Debug|Any CPU.ActiveCfg = Debug|Any CPU
		{B25E4417-4730-4307-8D32-E2FB5560F180}.Debug|Any CPU.Build.0 = Debug|Any CPU
		{B25E4417-4730-4307-8D32-E2FB5560F180}.Release|Any CPU.ActiveCfg = Release|Any CPU
		{B25E4417-4730-4307-8D32-E2FB5560F180}.Release|Any CPU.Build.0 = Release|Any CPU
	EndGlobalSection
	GlobalSection(SolutionProperties) = preSolution
		HideSolutionNode = FALSE
	EndGlobalSection
	GlobalSection(ExtensibilityGlobals) = postSolution
		SolutionGuid = {8D512E91-F8CC-48C1-A850-2F43A75274ED}
	EndGlobalSection
EndGlobal
